// !$*UTF8*$!
{
	archiveVersion = 1;
	classes = {
	};
	objectVersion = 46;
	objects = {

/* Begin PBXBuildFile section */
		6DA92AB01B4AD041005F9574 /* main.m in Sources */ = {isa = PBXBuildFile; fileRef = 6DA92AAF1B4AD041005F9574 /* main.m */; };
		6DA92AB31B4AD041005F9574 /* AppDelegate.m in Sources */ = {isa = PBXBuildFile; fileRef = 6DA92AB21B4AD041005F9574 /* AppDelegate.m */; };
		6DA92AB61B4AD041005F9574 /* ViewController.m in Sources */ = {isa = PBXBuildFile; fileRef = 6DA92AB51B4AD041005F9574 /* ViewController.m */; };
		6DA92AB91B4AD042005F9574 /* Main.storyboard in Resources */ = {isa = PBXBuildFile; fileRef = 6DA92AB71B4AD042005F9574 /* Main.storyboard */; };
		6DA92ABB1B4AD042005F9574 /* Assets.xcassets in Resources */ = {isa = PBXBuildFile; fileRef = 6DA92ABA1B4AD042005F9574 /* Assets.xcassets */; };
		6DA92ABE1B4AD042005F9574 /* LaunchScreen.storyboard in Resources */ = {isa = PBXBuildFile; fileRef = 6DA92ABC1B4AD042005F9574 /* LaunchScreen.storyboard */; };
/* End PBXBuildFile section */

/* Begin PBXFileReference section */
		6DA92AAB1B4AD041005F9574 /* MethodPropertyObjc.app */ = {isa = PBXFileReference; explicitFileType = wrapper.application; includeInIndex = 0; path = MethodPropertyObjc.app; sourceTree = BUILT_PRODUCTS_DIR; };
		6DA92AAF1B4AD041005F9574 /* main.m */ = {isa = PBXFileReference; lastKnownFileType = sourcecode.c.objc; path = main.m; sourceTree = "<group>"; };
		6DA92AB11B4AD041005F9574 /* AppDelegate.h */ = {isa = PBXFileReference; lastKnownFileType = sourcecode.c.h; path = AppDelegate.h; sourceTree = "<group>"; };
		6DA92AB21B4AD041005F9574 /* AppDelegate.m */ = {isa = PBXFileReference; lastKnownFileType = sourcecode.c.objc; path = AppDelegate.m; sourceTree = "<group>"; };
		6DA92AB41B4AD041005F9574 /* ViewController.h */ = {isa = PBXFileReference; lastKnownFileType = sourcecode.c.h; path = ViewController.h; sourceTree = "<group>"; };
		6DA92AB51B4AD041005F9574 /* ViewController.m */ = {isa = PBXFileReference; lastKnownFileType = sourcecode.c.objc; path = ViewController.m; sourceTree = "<group>"; };
		6DA92AB81B4AD042005F9574 /* Base */ = {isa = PBXFileReference; lastKnownFileType = file.storyboard; name = Base; path = Base.lproj/Main.storyboard; sourceTree = "<group>"; };
		6DA92ABA1B4AD042005F9574 /* Assets.xcassets */ = {isa = PBXFileReference; lastKnownFileType = folder.assetcatalog; path = Assets.xcassets; sourceTree = "<group>"; };
		6DA92ABD1B4AD042005F9574 /* Base */ = {isa = PBXFileReference; lastKnownFileType = file.storyboard; name = Base; path = Base.lproj/LaunchScreen.storyboard; sourceTree = "<group>"; };
		6DA92ABF1B4AD042005F9574 /* Info.plist */ = {isa = PBXFileReference; lastKnownFileType = text.plist.xml; path = Info.plist; sourceTree = "<group>"; };
/* End PBXFileReference section */

/* Begin PBXFrameworksBuildPhase section */
		6DA92AA81B4AD041005F9574 /* Frameworks */ = {
			isa = PBXFrameworksBuildPhase;
			buildActionMask = 2147483647;
			files = (
			);
			runOnlyForDeploymentPostprocessing = 0;
		};
/* End PBXFrameworksBuildPhase section */

/* Begin PBXGroup section */
		6DA92AA21B4AD041005F9574 = {
			isa = PBXGroup;
			children = (
				6DA92AAD1B4AD041005F9574 /* MethodPropertyObjc */,
				6DA92AAC1B4AD041005F9574 /* Products */,
			);
			sourceTree = "<group>";
		};
		6DA92AAC1B4AD041005F9574 /* Products */ = {
			isa = PBXGroup;
			children = (
				6DA92AAB1B4AD041005F9574 /* MethodPropertyObjc.app */,
			);
			name = Products;
			sourceTree = "<group>";
		};
		6DA92AAD1B4AD041005F9574 /* MethodPropertyObjc */ = {
			isa = PBXGroup;
			children = (
				6DA92AB11B4AD041005F9574 /* AppDelegate.h */,
				6DA92AB21B4AD041005F9574 /* AppDelegate.m */,
				6DA92AB41B4AD041005F9574 /* ViewController.h */,
				6DA92AB51B4AD041005F9574 /* ViewController.m */,
				6DA92AB71B4AD042005F9574 /* Main.storyboard */,
				6DA92ABA1B4AD042005F9574 /* Assets.xcassets */,
				6DA92ABC1B4AD042005F9574 /* LaunchScreen.storyboard */,
				6DA92ABF1B4AD042005F9574 /* Info.plist */,
				6DA92AAE1B4AD041005F9574 /* Supporting Files */,
			);
			path = MethodPropertyObjc;
			sourceTree = "<group>";
		};
		6DA92AAE1B4AD041005F9574 /* Supporting Files */ = {
			isa = PBXGroup;
			children = (
				6DA92AAF1B4AD041005F9574 /* main.m */,
			);
			name = "Supporting Files";
			sourceTree = "<group>";
		};
/* End PBXGroup section */

/* Begin PBXNativeTarget section */
		6DA92AAA1B4AD041005F9574 /* MethodPropertyObjc */ = {
			isa = PBXNativeTarget;
			buildConfigurationList = 6DA92AC21B4AD042005F9574 /* Build configuration list for PBXNativeTarget "MethodPropertyObjc" */;
			buildPhases = (
				6DA92AA71B4AD041005F9574 /* Sources */,
				6DA92AA81B4AD041005F9574 /* Frameworks */,
				6DA92AA91B4AD041005F9574 /* Resources */,
			);
			buildRules = (
			);
			dependencies = (
			);
			name = MethodPropertyObjc;
			productName = MethodPropertyObjc;
			productReference = 6DA92AAB1B4AD041005F9574 /* MethodPropertyObjc.app */;
			productType = "com.apple.product-type.application";
		};
/* End PBXNativeTarget section */

/* Begin PBXProject section */
		6DA92AA31B4AD041005F9574 /* Project object */ = {
			isa = PBXProject;
			attributes = {
				LastUpgradeCheck = 0700;
				ORGANIZATIONNAME = "Sokna Ly";
				TargetAttributes = {
					6DA92AAA1B4AD041005F9574 = {
						CreatedOnToolsVersion = 7.0;
					};
				};
			};
			buildConfigurationList = 6DA92AA61B4AD041005F9574 /* Build configuration list for PBXProject "MethodPropertyObjc" */;
			compatibilityVersion = "Xcode 3.2";
			developmentRegion = English;
			hasScannedForEncodings = 0;
			knownRegions = (
				en,
				Base,
			);
			mainGroup = 6DA92AA21B4AD041005F9574;
			productRefGroup = 6DA92AAC1B4AD041005F9574 /* Products */;
			projectDirPath = "";
			projectRoot = "";
			targets = (
				6DA92AAA1B4AD041005F9574 /* MethodPropertyObjc */,
			);
		};
/* End PBXProject section */

/* Begin PBXResourcesBuildPhase section */
		6DA92AA91B4AD041005F9574 /* Resources */ = {
			isa = PBXResourcesBuildPhase;
			buildActionMask = 2147483647;
			files = (
				6DA92ABE1B4AD042005F9574 /* LaunchScreen.storyboard in Resources */,
				6DA92ABB1B4AD042005F9574 /* Assets.xcassets in Resources */,
				6DA92AB91B4AD042005F9574 /* Main.storyboard in Resources */,
			);
			runOnlyForDeploymentPostprocessing = 0;
		};
/* End PBXResourcesBuildPhase section */

/* Begin PBXSourcesBuildPhase section */
		6DA92AA71B4AD041005F9574 /* Sources */ = {
			isa = PBXSourcesBuildPhase;
			buildActionMask = 2147483647;
			files = (
				6DA92AB61B4AD041005F9574 /* ViewController.m in Sources */,
				6DA92AB31B4AD041005F9574 /* AppDelegate.m in Sources */,
				6DA92AB01B4AD041005F9574 /* main.m in Sources */,
			);
			runOnlyForDeploymentPostprocessing = 0;
		};
/* End PBXSourcesBuildPhase section */

/* Begin PBXVariantGroup section */
		6DA92AB71B4AD042005F9574 /* Main.storyboard */ = {
			isa = PBXVariantGroup;
			children = (
				6DA92AB81B4AD042005F9574 /* Base */,
			);
			name = Main.storyboard;
			sourceTree = "<group>";
		};
		6DA92ABC1B4AD042005F9574 /* LaunchScreen.storyboard */ = {
			isa = PBXVariantGroup;
			children = (
				6DA92ABD1B4AD042005F9574 /* Base */,
			);
			name = LaunchScreen.storyboard;
			sourceTree = "<group>";
		};
/* End PBXVariantGroup section */

/* Begin XCBuildConfiguration section */
		6DA92AC01B4AD042005F9574 /* Debug */ = {
			isa = XCBuildConfiguration;
			buildSettings = {
				ALWAYS_SEARCH_USER_PATHS = NO;
				CLANG_CXX_LANGUAGE_STANDARD = "gnu++0x";
				CLANG_CXX_LIBRARY = "libc++";
				CLANG_ENABLE_MODULES = YES;
				CLANG_ENABLE_OBJC_ARC = YES;
				CLANG_WARN_BOOL_CONVERSION = YES;
				CLANG_WARN_CONSTANT_CONVERSION = YES;
				CLANG_WARN_DIRECT_OBJC_ISA_USAGE = YES_ERROR;
				CLANG_WARN_EMPTY_BODY = YES;
				CLANG_WARN_ENUM_CONVERSION = YES;
				CLANG_WARN_INT_CONVERSION = YES;
				CLANG_WARN_OBJC_ROOT_CLASS = YES_ERROR;
				CLANG_WARN_UNREACHABLE_CODE = YES;
				CLANG_WARN__DUPLICATE_METHOD_MATCH = YES;
				"CODE_SIGN_IDENTITY[sdk=iphoneos*]" = "iPhone Developer";
				COPY_PHASE_STRIP = NO;
				DEBUG_INFORMATION_FORMAT = dwarf;
				ENABLE_STRICT_OBJC_MSGSEND = YES;
				ENABLE_TESTABILITY = YES;
				GCC_C_LANGUAGE_STANDARD = gnu99;
				GCC_DYNAMIC_NO_PIC = NO;
				GCC_NO_COMMON_BLOCKS = YES;
				GCC_OPTIMIZATION_LEVEL = 0;
				GCC_PREPROCESSOR_DEFINITIONS = (
					"DEBUG=1",
					"$(inherited)",
				);
				GCC_WARN_64_TO_32_BIT_CONVERSION = YES;
				GCC_WARN_ABOUT_RETURN_TYPE = YES_ERROR;
				GCC_WARN_UNDECLARED_SELECTOR = YES;
				GCC_WARN_UNINITIALIZED_AUTOS = YES_AGGRESSIVE;
				GCC_WARN_UNUSED_FUNCTION = YES;
				GCC_WARN_UNUSED_VARIABLE = YES;
				IPHONEOS_DEPLOYMENT_TARGET = 9.0;
				MTL_ENABLE_DEBUG_INFO = YES;
				ONLY_ACTIVE_ARCH = YES;
				SDKROOT = iphoneos;
				TARGETED_DEVICE_FAMILY = "1,2";
			};
			name = Debug;
		};
		6DA92AC11B4AD042005F9574 /* Release */ = {
			isa = XCBuildConfiguration;
			buildSettings = {
				ALWAYS_SEARCH_USER_PATHS = NO;
				CLANG_CXX_LANGUAGE_STANDARD = "gnu++0x";
				CLANG_CXX_LIBRARY = "libc++";
				CLANG_ENABLE_MODULES = YES;
				CLANG_ENABLE_OBJC_ARC = YES;
				CLANG_WARN_BOOL_CONVERSION = YES;
				CLANG_WARN_CONSTANT_CONVERSION = YES;
				CLANG_WARN_DIRECT_OBJC_ISA_USAGE = YES_ERROR;
				CLANG_WARN_EMPTY_BODY = YES;
				CLANG_WARN_ENUM_CONVERSION = YES;
				CLANG_WARN_INT_CONVERSION = YES;
				CLANG_WARN_OBJC_ROOT_CLASS = YES_ERROR;
				CLANG_WARN_UNREACHABLE_CODE = YES;
				CLANG_WARN__DUPLICATE_METHOD_MATCH = YES;
				"CODE_SIGN_IDENTITY[sdk=iphoneos*]" = "iPhone Developer";
				COPY_PHASE_STRIP = NO;
				DEBUG_INFORMATION_FORMAT = "dwarf-with-dsym";
				ENABLE_NS_ASSERTIONS = NO;
				ENABLE_STRICT_OBJC_MSGSEND = YES;
				GCC_C_LANGUAGE_STANDARD = gnu99;
				GCC_NO_COMMON_BLOCKS = YES;
				GCC_WARN_64_TO_32_BIT_CONVERSION = YES;
				GCC_WARN_ABOUT_RETURN_TYPE = YES_ERROR;
				GCC_WARN_UNDECLARED_SELECTOR = YES;
				GCC_WARN_UNINITIALIZED_AUTOS = YES_AGGRESSIVE;
				GCC_WARN_UNUSED_FUNCTION = YES;
				GCC_WARN_UNUSED_VARIABLE = YES;
				IPHONEOS_DEPLOYMENT_TARGET = 9.0;
				MTL_ENABLE_DEBUG_INFO = NO;
				SDKROOT = iphoneos;
				TARGETED_DEVICE_FAMILY = "1,2";
				VALIDATE_PRODUCT = YES;
			};
			name = Release;
		};
		6DA92AC31B4AD042005F9574 /* Debug */ = {
			isa = XCBuildConfiguration;
			buildSettings = {
				ASSETCATALOG_COMPILER_APPICON_NAME = AppIcon;
				INFOPLIST_FILE = MethodPropertyObjc/Info.plist;
				LD_RUNPATH_SEARCH_PATHS = "$(inherited) @executable_path/Frameworks";
				PRODUCT_BUNDLE_IDENTIFIER = com.beniten.MethodPropertyObjc;
				PRODUCT_NAME = "$(TARGET_NAME)";
			};
			name = Debug;
		};
		6DA92AC41B4AD042005F9574 /* Release */ = {
			isa = XCBuildConfiguration;
			buildSettings = {
				ASSETCATALOG_COMPILER_APPICON_NAME = AppIcon;
				INFOPLIST_FILE = MethodPropertyObjc/Info.plist;
				LD_RUNPATH_SEARCH_PATHS = "$(inherited) @executable_path/Frameworks";
				PRODUCT_BUNDLE_IDENTIFIER = com.beniten.MethodPropertyObjc;
				PRODUCT_NAME = "$(TARGET_NAME)";
			};
			name = Release;
		};
/* End XCBuildConfiguration section */

/* Begin XCConfigurationList section */
		6DA92AA61B4AD041005F9574 /* Build configuration list for PBXProject "MethodPropertyObjc" */ = {
			isa = XCConfigurationList;
			buildConfigurations = (
				6DA92AC01B4AD042005F9574 /* Debug */,
				6DA92AC11B4AD042005F9574 /* Release */,
			);
			defaultConfigurationIsVisible = 0;
			defaultConfigurationName = Release;
		};
		6DA92AC21B4AD042005F9574 /* Build configuration list for PBXNativeTarget "MethodPropertyObjc" */ = {
			isa = XCConfigurationList;
			buildConfigurations = (
				6DA92AC31B4AD042005F9574 /* Debug */,
				6DA92AC41B4AD042005F9574 /* Release */,
			);
			defaultConfigurationIsVisible = 0;
		};
/* End XCConfigurationList section */
	};
	rootObject = 6DA92AA31B4AD041005F9574 /* Project object */;
}
